// !$*UTF8*$!
{
	archiveVersion = 1;
	classes = {
	};
	objectVersion = 51;
	objects = {

/* Begin PBXBuildFile section */
		74C0960EED8267B76A76125D /* Pods_DoubanBooks.framework in Frameworks */ = {isa = PBXBuildFile; fileRef = 0439F7B6D1829164A8553026 /* Pods_DoubanBooks.framework */; };
		B0111A2C7F33A5FD320BAFE8 /* Pods_DoubanBooksTests.framework in Frameworks */ = {isa = PBXBuildFile; fileRef = 59056ED868831A9C9E51CBF7 /* Pods_DoubanBooksTests.framework */; };
		BA08C6CB2351507900131252 /* AppDelegate.swift in Sources */ = {isa = PBXBuildFile; fileRef = BA08C6CA2351507900131252 /* AppDelegate.swift */; };
		BA08C6D02351507A00131252 /* Main.storyboard in Resources */ = {isa = PBXBuildFile; fileRef = BA08C6CE2351507A00131252 /* Main.storyboard */; };
		BA08C6D32351507A00131252 /* DoubanBooks.xcdatamodeld in Sources */ = {isa = PBXBuildFile; fileRef = BA08C6D12351507A00131252 /* DoubanBooks.xcdatamodeld */; };
		BA08C6D52351508200131252 /* Assets.xcassets in Resources */ = {isa = PBXBuildFile; fileRef = BA08C6D42351508200131252 /* Assets.xcassets */; };
		BA08C6D82351508200131252 /* LaunchScreen.storyboard in Resources */ = {isa = PBXBuildFile; fileRef = BA08C6D62351508200131252 /* LaunchScreen.storyboard */; };
		BA08C6E32351508200131252 /* DoubanBooksTests.swift in Sources */ = {isa = PBXBuildFile; fileRef = BA08C6E22351508200131252 /* DoubanBooksTests.swift */; };
		BA08C6EF2351523000131252 /* VMCategory.swift in Sources */ = {isa = PBXBuildFile; fileRef = BA08C6EE2351523000131252 /* VMCategory.swift */; };
		BA08C6F1235152DF00131252 /* VMBook.swift in Sources */ = {isa = PBXBuildFile; fileRef = BA08C6F0235152DF00131252 /* VMBook.swift */; };
		BA08C70223516B8900131252 /* CategoryRepository.swift in Sources */ = {isa = PBXBuildFile; fileRef = BA08C70123516B8900131252 /* CategoryRepository.swift */; };
		BA08C705235172FA00131252 /* AlertExtensions.swift in Sources */ = {isa = PBXBuildFile; fileRef = BA08C704235172FA00131252 /* AlertExtensions.swift */; };
		BA08C7092351818300131252 /* DataError.swift in Sources */ = {isa = PBXBuildFile; fileRef = BA08C7082351818300131252 /* DataError.swift */; };
		BA09C9BE235A8DEB009C0926 /* AddCategoriesController.swift in Sources */ = {isa = PBXBuildFile; fileRef = BA09C9BD235A8DEB009C0926 /* AddCategoriesController.swift */; };
		BA09C9C0235ABC24009C0926 /* CategoryTimeList.plist in Resources */ = {isa = PBXBuildFile; fileRef = BA09C9BF235ABC24009C0926 /* CategoryTimeList.plist */; };
		BA0A0C162359555B003450D4 /* CategoriesController.swift in Sources */ = {isa = PBXBuildFile; fileRef = BA0A0C152359555B003450D4 /* CategoriesController.swift */; };
		BA0A0C182359597F003450D4 /* CategoriesViewCell.swift in Sources */ = {isa = PBXBuildFile; fileRef = BA0A0C172359597F003450D4 /* CategoriesViewCell.swift */; };
		BA1E24D523629B2C004A36A0 /* FindController.swift in Sources */ = {isa = PBXBuildFile; fileRef = BA1E24D423629B2C004A36A0 /* FindController.swift */; };
		BA20ED4E236A82E5001B0608 /* SearchHeader.swift in Sources */ = {isa = PBXBuildFile; fileRef = BA20ED4D236A82E5001B0608 /* SearchHeader.swift */; };
		BA20ED50236A960E001B0608 /* FindViewCell.swift in Sources */ = {isa = PBXBuildFile; fileRef = BA20ED4F236A960E001B0608 /* FindViewCell.swift */; };
		BA2119E0236975E300106138 /* BookConverter.swift in Sources */ = {isa = PBXBuildFile; fileRef = BA2119DF236975E300106138 /* BookConverter.swift */; };
		BA2202192361404900AE11E7 /* ScrollViewExtension.swift in Sources */ = {isa = PBXBuildFile; fileRef = BA2202182361404900AE11E7 /* ScrollViewExtension.swift */; };
		BA22021B236140AA00AE11E7 /* EmptyViewDelegate.swift in Sources */ = {isa = PBXBuildFile; fileRef = BA22021A236140AA00AE11E7 /* EmptyViewDelegate.swift */; };
		BA22021D236147DF00AE11E7 /* FuncTools.swift in Sources */ = {isa = PBXBuildFile; fileRef = BA22021C236147DF00AE11E7 /* FuncTools.swift */; };
		BA22021F23614AEE00AE11E7 /* BookCell.swift in Sources */ = {isa = PBXBuildFile; fileRef = BA22021E23614AEE00AE11E7 /* BookCell.swift */; };
		BA2486E4235D49D900DE5A2C /* QrCodeUtils.swift in Sources */ = {isa = PBXBuildFile; fileRef = BA2486E3235D49D900DE5A2C /* QrCodeUtils.swift */; };
		BA2486E6235D4A7E00DE5A2C /* DateExtensions.swift in Sources */ = {isa = PBXBuildFile; fileRef = BA2486E5235D4A7E00DE5A2C /* DateExtensions.swift */; };
		BA297C0A235EF0D00004F418 /* BooksController.swift in Sources */ = {isa = PBXBuildFile; fileRef = BA297C09235EF0D00004F418 /* BooksController.swift */; };
		BA8AF8FE23683F3B001841FE /* JSONable.swift in Sources */ = {isa = PBXBuildFile; fileRef = BA8AF8FD23683F3B001841FE /* JSONable.swift */; };
		BA8AF900236840BF001841FE /* JSONConverter.swift in Sources */ = {isa = PBXBuildFile; fileRef = BA8AF8FF236840BF001841FE /* JSONConverter.swift */; };
		BA8D567C236688AC00112451 /* BooksJson.swift in Sources */ = {isa = PBXBuildFile; fileRef = BA8D567B236688AC00112451 /* BooksJson.swift */; };
		BACF2B432355CBBA00EDD0D3 /* Repository.swift in Sources */ = {isa = PBXBuildFile; fileRef = BACF2B422355CBBA00EDD0D3 /* Repository.swift */; };
		BACF2B452355CC8A00EDD0D3 /* DataViewModelDelegate.swift in Sources */ = {isa = PBXBuildFile; fileRef = BACF2B442355CC8A00EDD0D3 /* DataViewModelDelegate.swift */; };
		BAEAE3CB2353F54900000A29 /* CategoryFactory.swift in Sources */ = {isa = PBXBuildFile; fileRef = BAEAE3CA2353F54900000A29 /* CategoryFactory.swift */; };
		BAEAE3CD2354042A00000A29 /* BookRepository.swift in Sources */ = {isa = PBXBuildFile; fileRef = BAEAE3CC2354042A00000A29 /* BookRepository.swift */; };
		BAEAE3CF23540A7F00000A29 /* BookFactory.swift in Sources */ = {isa = PBXBuildFile; fileRef = BAEAE3CE23540A7F00000A29 /* BookFactory.swift */; };
/* End PBXBuildFile section */

/* Begin PBXContainerItemProxy section */
		BA08C6DF2351508200131252 /* PBXContainerItemProxy */ = {
			isa = PBXContainerItemProxy;
			containerPortal = BA08C6BF2351507900131252 /* Project object */;
			proxyType = 1;
			remoteGlobalIDString = BA08C6C62351507900131252;
			remoteInfo = DoubanBooks;
		};
/* End PBXContainerItemProxy section */

/* Begin PBXFileReference section */
		0439F7B6D1829164A8553026 /* Pods_DoubanBooks.framework */ = {isa = PBXFileReference; explicitFileType = wrapper.framework; includeInIndex = 0; path = Pods_DoubanBooks.framework; sourceTree = BUILT_PRODUCTS_DIR; };
		48549E0CB8341204DCA00615 /* Pods-DoubanBooks.debug.xcconfig */ = {isa = PBXFileReference; includeInIndex = 1; lastKnownFileType = text.xcconfig; name = "Pods-DoubanBooks.debug.xcconfig"; path = "Target Support Files/Pods-DoubanBooks/Pods-DoubanBooks.debug.xcconfig"; sourceTree = "<group>"; };
		59056ED868831A9C9E51CBF7 /* Pods_DoubanBooksTests.framework */ = {isa = PBXFileReference; explicitFileType = wrapper.framework; includeInIndex = 0; path = Pods_DoubanBooksTests.framework; sourceTree = BUILT_PRODUCTS_DIR; };
		7EED76F8F69B2FDC6348403C /* Pods-DoubanBooksTests.release.xcconfig */ = {isa = PBXFileReference; includeInIndex = 1; lastKnownFileType = text.xcconfig; name = "Pods-DoubanBooksTests.release.xcconfig"; path = "Target Support Files/Pods-DoubanBooksTests/Pods-DoubanBooksTests.release.xcconfig"; sourceTree = "<group>"; };
		A39D3C7CA6826D054F59636E /* Pods-DoubanBooks.release.xcconfig */ = {isa = PBXFileReference; includeInIndex = 1; lastKnownFileType = text.xcconfig; name = "Pods-DoubanBooks.release.xcconfig"; path = "Target Support Files/Pods-DoubanBooks/Pods-DoubanBooks.release.xcconfig"; sourceTree = "<group>"; };
		BA08C6C72351507900131252 /* DoubanBooks.app */ = {isa = PBXFileReference; explicitFileType = wrapper.application; includeInIndex = 0; path = DoubanBooks.app; sourceTree = BUILT_PRODUCTS_DIR; };
		BA08C6CA2351507900131252 /* AppDelegate.swift */ = {isa = PBXFileReference; lastKnownFileType = sourcecode.swift; path = AppDelegate.swift; sourceTree = "<group>"; };
		BA08C6CF2351507A00131252 /* Base */ = {isa = PBXFileReference; lastKnownFileType = file.storyboard; name = Base; path = Base.lproj/Main.storyboard; sourceTree = "<group>"; };
		BA08C6D22351507A00131252 /* DoubanBooks.xcdatamodel */ = {isa = PBXFileReference; lastKnownFileType = wrapper.xcdatamodel; path = DoubanBooks.xcdatamodel; sourceTree = "<group>"; };
		BA08C6D42351508200131252 /* Assets.xcassets */ = {isa = PBXFileReference; lastKnownFileType = folder.assetcatalog; path = Assets.xcassets; sourceTree = "<group>"; };
		BA08C6D72351508200131252 /* Base */ = {isa = PBXFileReference; lastKnownFileType = file.storyboard; name = Base; path = Base.lproj/LaunchScreen.storyboard; sourceTree = "<group>"; };
		BA08C6D92351508200131252 /* Info.plist */ = {isa = PBXFileReference; lastKnownFileType = text.plist.xml; path = Info.plist; sourceTree = "<group>"; };
		BA08C6DE2351508200131252 /* DoubanBooksTests.xctest */ = {isa = PBXFileReference; explicitFileType = wrapper.cfbundle; includeInIndex = 0; path = DoubanBooksTests.xctest; sourceTree = BUILT_PRODUCTS_DIR; };
		BA08C6E22351508200131252 /* DoubanBooksTests.swift */ = {isa = PBXFileReference; lastKnownFileType = sourcecode.swift; path = DoubanBooksTests.swift; sourceTree = "<group>"; };
		BA08C6E42351508200131252 /* Info.plist */ = {isa = PBXFileReference; lastKnownFileType = text.plist.xml; path = Info.plist; sourceTree = "<group>"; };
		BA08C6EE2351523000131252 /* VMCategory.swift */ = {isa = PBXFileReference; lastKnownFileType = sourcecode.swift; path = VMCategory.swift; sourceTree = "<group>"; };
		BA08C6F0235152DF00131252 /* VMBook.swift */ = {isa = PBXFileReference; lastKnownFileType = sourcecode.swift; path = VMBook.swift; sourceTree = "<group>"; };
		BA08C6F2235155D600131252 /* Category+CoreDataClass.swift */ = {isa = PBXFileReference; lastKnownFileType = sourcecode.swift; path = "Category+CoreDataClass.swift"; sourceTree = "<group>"; };
		BA08C6F3235155D600131252 /* Category+CoreDataProperties.swift */ = {isa = PBXFileReference; lastKnownFileType = sourcecode.swift; path = "Category+CoreDataProperties.swift"; sourceTree = "<group>"; };
		BA08C6F4235155D600131252 /* Book+CoreDataClass.swift */ = {isa = PBXFileReference; lastKnownFileType = sourcecode.swift; path = "Book+CoreDataClass.swift"; sourceTree = "<group>"; };
		BA08C6F5235155D600131252 /* Book+CoreDataProperties.swift */ = {isa = PBXFileReference; lastKnownFileType = sourcecode.swift; path = "Book+CoreDataProperties.swift"; sourceTree = "<group>"; };
		BA08C6FA23515DD300131252 /* DoubanBooks 2.xcdatamodel */ = {isa = PBXFileReference; lastKnownFileType = wrapper.xcdatamodel; path = "DoubanBooks 2.xcdatamodel"; sourceTree = "<group>"; };
		BA08C70123516B8900131252 /* CategoryRepository.swift */ = {isa = PBXFileReference; lastKnownFileType = sourcecode.swift; path = CategoryRepository.swift; sourceTree = "<group>"; };
		BA08C704235172FA00131252 /* AlertExtensions.swift */ = {isa = PBXFileReference; lastKnownFileType = sourcecode.swift; path = AlertExtensions.swift; sourceTree = "<group>"; };
		BA08C7082351818300131252 /* DataError.swift */ = {isa = PBXFileReference; lastKnownFileType = sourcecode.swift; path = DataError.swift; sourceTree = "<group>"; };
		BA09C9BD235A8DEB009C0926 /* AddCategoriesController.swift */ = {isa = PBXFileReference; lastKnownFileType = sourcecode.swift; path = AddCategoriesController.swift; sourceTree = "<group>"; };
		BA09C9BF235ABC24009C0926 /* CategoryTimeList.plist */ = {isa = PBXFileReference; lastKnownFileType = text.plist.xml; path = CategoryTimeList.plist; sourceTree = "<group>"; };
		BA0A0C152359555B003450D4 /* CategoriesController.swift */ = {isa = PBXFileReference; lastKnownFileType = sourcecode.swift; path = CategoriesController.swift; sourceTree = "<group>"; };
		BA0A0C172359597F003450D4 /* CategoriesViewCell.swift */ = {isa = PBXFileReference; lastKnownFileType = sourcecode.swift; path = CategoriesViewCell.swift; sourceTree = "<group>"; };
		BA1E24D423629B2C004A36A0 /* FindController.swift */ = {isa = PBXFileReference; lastKnownFileType = sourcecode.swift; path = FindController.swift; sourceTree = "<group>"; };
		BA20ED4D236A82E5001B0608 /* SearchHeader.swift */ = {isa = PBXFileReference; lastKnownFileType = sourcecode.swift; path = SearchHeader.swift; sourceTree = "<group>"; };
		BA20ED4F236A960E001B0608 /* FindViewCell.swift */ = {isa = PBXFileReference; lastKnownFileType = sourcecode.swift; path = FindViewCell.swift; sourceTree = "<group>"; };
		BA2119DF236975E300106138 /* BookConverter.swift */ = {isa = PBXFileReference; lastKnownFileType = sourcecode.swift; path = BookConverter.swift; sourceTree = "<group>"; };
		BA2202182361404900AE11E7 /* ScrollViewExtension.swift */ = {isa = PBXFileReference; fileEncoding = 4; lastKnownFileType = sourcecode.swift; name = ScrollViewExtension.swift; path = ../../../../Downloads/ScrollViewExtension.swift; sourceTree = "<group>"; };
		BA22021A236140AA00AE11E7 /* EmptyViewDelegate.swift */ = {isa = PBXFileReference; lastKnownFileType = sourcecode.swift; path = EmptyViewDelegate.swift; sourceTree = "<group>"; };
		BA22021C236147DF00AE11E7 /* FuncTools.swift */ = {isa = PBXFileReference; lastKnownFileType = sourcecode.swift; path = FuncTools.swift; sourceTree = "<group>"; };
		BA22021E23614AEE00AE11E7 /* BookCell.swift */ = {isa = PBXFileReference; lastKnownFileType = sourcecode.swift; path = BookCell.swift; sourceTree = "<group>"; };
		BA2486E3235D49D900DE5A2C /* QrCodeUtils.swift */ = {isa = PBXFileReference; fileEncoding = 4; lastKnownFileType = sourcecode.swift; path = QrCodeUtils.swift; sourceTree = "<group>"; };
		BA2486E5235D4A7E00DE5A2C /* DateExtensions.swift */ = {isa = PBXFileReference; fileEncoding = 4; lastKnownFileType = sourcecode.swift; path = DateExtensions.swift; sourceTree = "<group>"; };
		BA297C09235EF0D00004F418 /* BooksController.swift */ = {isa = PBXFileReference; lastKnownFileType = sourcecode.swift; path = BooksController.swift; sourceTree = "<group>"; };
		BA8AF8FD23683F3B001841FE /* JSONable.swift */ = {isa = PBXFileReference; lastKnownFileType = sourcecode.swift; path = JSONable.swift; sourceTree = "<group>"; };
		BA8AF8FF236840BF001841FE /* JSONConverter.swift */ = {isa = PBXFileReference; lastKnownFileType = sourcecode.swift; path = JSONConverter.swift; sourceTree = "<group>"; };
		BA8D567B236688AC00112451 /* BooksJson.swift */ = {isa = PBXFileReference; lastKnownFileType = sourcecode.swift; path = BooksJson.swift; sourceTree = "<group>"; };
		BACF2B422355CBBA00EDD0D3 /* Repository.swift */ = {isa = PBXFileReference; lastKnownFileType = sourcecode.swift; path = Repository.swift; sourceTree = "<group>"; };
		BACF2B442355CC8A00EDD0D3 /* DataViewModelDelegate.swift */ = {isa = PBXFileReference; lastKnownFileType = sourcecode.swift; path = DataViewModelDelegate.swift; sourceTree = "<group>"; };
		BAEAE3CA2353F54900000A29 /* CategoryFactory.swift */ = {isa = PBXFileReference; lastKnownFileType = sourcecode.swift; path = CategoryFactory.swift; sourceTree = "<group>"; };
		BAEAE3CC2354042A00000A29 /* BookRepository.swift */ = {isa = PBXFileReference; lastKnownFileType = sourcecode.swift; path = BookRepository.swift; sourceTree = "<group>"; };
		BAEAE3CE23540A7F00000A29 /* BookFactory.swift */ = {isa = PBXFileReference; lastKnownFileType = sourcecode.swift; path = BookFactory.swift; sourceTree = "<group>"; };
		E58B81BC8E9CC9F4A3C20A2F /* Pods-DoubanBooksTests.debug.xcconfig */ = {isa = PBXFileReference; includeInIndex = 1; lastKnownFileType = text.xcconfig; name = "Pods-DoubanBooksTests.debug.xcconfig"; path = "Target Support Files/Pods-DoubanBooksTests/Pods-DoubanBooksTests.debug.xcconfig"; sourceTree = "<group>"; };
/* End PBXFileReference section */

/* Begin PBXFrameworksBuildPhase section */
		BA08C6C42351507900131252 /* Frameworks */ = {
			isa = PBXFrameworksBuildPhase;
			buildActionMask = 2147483647;
			files = (
				74C0960EED8267B76A76125D /* Pods_DoubanBooks.framework in Frameworks */,
			);
			runOnlyForDeploymentPostprocessing = 0;
		};
		BA08C6DB2351508200131252 /* Frameworks */ = {
			isa = PBXFrameworksBuildPhase;
			buildActionMask = 2147483647;
			files = (
				B0111A2C7F33A5FD320BAFE8 /* Pods_DoubanBooksTests.framework in Frameworks */,
			);
			runOnlyForDeploymentPostprocessing = 0;
		};
/* End PBXFrameworksBuildPhase section */

/* Begin PBXGroup section */
		360EF67A16861C9F63027AB0 /* Pods */ = {
			isa = PBXGroup;
			children = (
				48549E0CB8341204DCA00615 /* Pods-DoubanBooks.debug.xcconfig */,
				A39D3C7CA6826D054F59636E /* Pods-DoubanBooks.release.xcconfig */,
				E58B81BC8E9CC9F4A3C20A2F /* Pods-DoubanBooksTests.debug.xcconfig */,
				7EED76F8F69B2FDC6348403C /* Pods-DoubanBooksTests.release.xcconfig */,
			);
			path = Pods;
			sourceTree = "<group>";
		};
		BA08C6BE2351507900131252 = {
			isa = PBXGroup;
			children = (
				BA08C6F2235155D600131252 /* Category+CoreDataClass.swift */,
				BA08C6F3235155D600131252 /* Category+CoreDataProperties.swift */,
				BA08C6F4235155D600131252 /* Book+CoreDataClass.swift */,
				BA08C6F5235155D600131252 /* Book+CoreDataProperties.swift */,
				BA08C6C92351507900131252 /* DoubanBooks */,
				BA08C6E12351508200131252 /* DoubanBooksTests */,
				BA08C6C82351507900131252 /* Products */,
				360EF67A16861C9F63027AB0 /* Pods */,
				F80937A9015818F1AA2585E6 /* Frameworks */,
			);
			sourceTree = "<group>";
		};
		BA08C6C82351507900131252 /* Products */ = {
			isa = PBXGroup;
			children = (
				BA08C6C72351507900131252 /* DoubanBooks.app */,
				BA08C6DE2351508200131252 /* DoubanBooksTests.xctest */,
			);
			name = Products;
			sourceTree = "<group>";
		};
		BA08C6C92351507900131252 /* DoubanBooks */ = {
			isa = PBXGroup;
			children = (
				BA08C70023516A4200131252 /* Netwcrk */,
				BA08C6FF23516A2D00131252 /* Persists */,
				BA08C6FE23516A1C00131252 /* Views */,
				BA08C6FD23516A0B00131252 /* Models */,
				BA08C6FC235169FC00131252 /* Controllers */,
				BA08C6FB235169F000131252 /* Utils */,
				BA08C6CA2351507900131252 /* AppDelegate.swift */,
				BA08C6CE2351507A00131252 /* Main.storyboard */,
				BA08C6D42351508200131252 /* Assets.xcassets */,
				BA08C6D62351508200131252 /* LaunchScreen.storyboard */,
				BA08C6D92351508200131252 /* Info.plist */,
				BA08C6D12351507A00131252 /* DoubanBooks.xcdatamodeld */,
				BA09C9BF235ABC24009C0926 /* CategoryTimeList.plist */,
			);
			path = DoubanBooks;
			sourceTree = "<group>";
		};
		BA08C6E12351508200131252 /* DoubanBooksTests */ = {
			isa = PBXGroup;
			children = (
				BA08C6E22351508200131252 /* DoubanBooksTests.swift */,
				BA08C6E42351508200131252 /* Info.plist */,
			);
			path = DoubanBooksTests;
			sourceTree = "<group>";
		};
		BA08C6FB235169F000131252 /* Utils */ = {
			isa = PBXGroup;
			children = (
				BA2486E5235D4A7E00DE5A2C /* DateExtensions.swift */,
				BA2486E3235D49D900DE5A2C /* QrCodeUtils.swift */,
				BA08C704235172FA00131252 /* AlertExtensions.swift */,
			);
			path = Utils;
			sourceTree = "<group>";
		};
		BA08C6FC235169FC00131252 /* Controllers */ = {
			isa = PBXGroup;
			children = (
				BA0A0C152359555B003450D4 /* CategoriesController.swift */,
				BA09C9BD235A8DEB009C0926 /* AddCategoriesController.swift */,
				BA297C09235EF0D00004F418 /* BooksController.swift */,
				BA1E24D423629B2C004A36A0 /* FindController.swift */,
			);
			path = Controllers;
			sourceTree = "<group>";
		};
		BA08C6FD23516A0B00131252 /* Models */ = {
			isa = PBXGroup;
			children = (
				BA08C6EE2351523000131252 /* VMCategory.swift */,
				BA08C6F0235152DF00131252 /* VMBook.swift */,
				BAEAE3CA2353F54900000A29 /* CategoryFactory.swift */,
				BAEAE3CE23540A7F00000A29 /* BookFactory.swift */,
			);
			path = Models;
			sourceTree = "<group>";
		};
		BA08C6FE23516A1C00131252 /* Views */ = {
			isa = PBXGroup;
			children = (
				BA2202182361404900AE11E7 /* ScrollViewExtension.swift */,
				BA0A0C172359597F003450D4 /* CategoriesViewCell.swift */,
				BA22021A236140AA00AE11E7 /* EmptyViewDelegate.swift */,
				BA22021C236147DF00AE11E7 /* FuncTools.swift */,
				BA22021E23614AEE00AE11E7 /* BookCell.swift */,
				BA20ED4D236A82E5001B0608 /* SearchHeader.swift */,
				BA20ED4F236A960E001B0608 /* FindViewCell.swift */,
			);
			path = Views;
			sourceTree = "<group>";
		};
		BA08C6FF23516A2D00131252 /* Persists */ = {
			isa = PBXGroup;
			children = (
				BA08C70123516B8900131252 /* CategoryRepository.swift */,
				BA08C7082351818300131252 /* DataError.swift */,
				BAEAE3CC2354042A00000A29 /* BookRepository.swift */,
				BACF2B422355CBBA00EDD0D3 /* Repository.swift */,
				BACF2B442355CC8A00EDD0D3 /* DataViewModelDelegate.swift */,
			);
			path = Persists;
			sourceTree = "<group>";
		};
		BA08C70023516A4200131252 /* Netwcrk */ = {
			isa = PBXGroup;
			children = (
				BA8D567B236688AC00112451 /* BooksJson.swift */,
				BA8AF8FD23683F3B001841FE /* JSONable.swift */,
				BA8AF8FF236840BF001841FE /* JSONConverter.swift */,
				BA2119DF236975E300106138 /* BookConverter.swift */,
			);
			path = Netwcrk;
			sourceTree = "<group>";
		};
		F80937A9015818F1AA2585E6 /* Frameworks */ = {
			isa = PBXGroup;
			children = (
				0439F7B6D1829164A8553026 /* Pods_DoubanBooks.framework */,
				59056ED868831A9C9E51CBF7 /* Pods_DoubanBooksTests.framework */,
			);
			name = Frameworks;
			sourceTree = "<group>";
		};
/* End PBXGroup section */

/* Begin PBXNativeTarget section */
		BA08C6C62351507900131252 /* DoubanBooks */ = {
			isa = PBXNativeTarget;
			buildConfigurationList = BA08C6E72351508200131252 /* Build configuration list for PBXNativeTarget "DoubanBooks" */;
			buildPhases = (
				943D3D3B0F192B4B404AA0F5 /* [CP] Check Pods Manifest.lock */,
				BA08C6C32351507900131252 /* Sources */,
				BA08C6C42351507900131252 /* Frameworks */,
				BA08C6C52351507900131252 /* Resources */,
				0DC79A172CFE779B67AB7826 /* [CP] Embed Pods Frameworks */,
			);
			buildRules = (
			);
			dependencies = (
			);
			name = DoubanBooks;
			productName = DoubanBooks;
			productReference = BA08C6C72351507900131252 /* DoubanBooks.app */;
			productType = "com.apple.product-type.application";
		};
		BA08C6DD2351508200131252 /* DoubanBooksTests */ = {
			isa = PBXNativeTarget;
			buildConfigurationList = BA08C6EA2351508200131252 /* Build configuration list for PBXNativeTarget "DoubanBooksTests" */;
			buildPhases = (
				E5E6C46CF813885280666B10 /* [CP] Check Pods Manifest.lock */,
				BA08C6DA2351508200131252 /* Sources */,
				BA08C6DB2351508200131252 /* Frameworks */,
				BA08C6DC2351508200131252 /* Resources */,
			);
			buildRules = (
			);
			dependencies = (
				BA08C6E02351508200131252 /* PBXTargetDependency */,
			);
			name = DoubanBooksTests;
			productName = DoubanBooksTests;
			productReference = BA08C6DE2351508200131252 /* DoubanBooksTests.xctest */;
			productType = "com.apple.product-type.bundle.unit-test";
		};
/* End PBXNativeTarget section */

/* Begin PBXProject section */
		BA08C6BF2351507900131252 /* Project object */ = {
			isa = PBXProject;
			attributes = {
				LastSwiftUpdateCheck = 1010;
				LastUpgradeCheck = 1010;
				ORGANIZATIONNAME = 2017yd;
				TargetAttributes = {
					BA08C6C62351507900131252 = {
						CreatedOnToolsVersion = 10.1;
					};
					BA08C6DD2351508200131252 = {
						CreatedOnToolsVersion = 10.1;
						TestTargetID = BA08C6C62351507900131252;
					};
				};
			};
			buildConfigurationList = BA08C6C22351507900131252 /* Build configuration list for PBXProject "DoubanBooks" */;
			compatibilityVersion = "Xcode 9.3";
			developmentRegion = en;
			hasScannedForEncodings = 0;
			knownRegions = (
				en,
				Base,
			);
			mainGroup = BA08C6BE2351507900131252;
			productRefGroup = BA08C6C82351507900131252 /* Products */;
			projectDirPath = "";
			projectRoot = "";
			targets = (
				BA08C6C62351507900131252 /* DoubanBooks */,
				BA08C6DD2351508200131252 /* DoubanBooksTests */,
			);
		};
/* End PBXProject section */

/* Begin PBXResourcesBuildPhase section */
		BA08C6C52351507900131252 /* Resources */ = {
			isa = PBXResourcesBuildPhase;
			buildActionMask = 2147483647;
			files = (
				BA08C6D82351508200131252 /* LaunchScreen.storyboard in Resources */,
				BA09C9C0235ABC24009C0926 /* CategoryTimeList.plist in Resources */,
				BA08C6D52351508200131252 /* Assets.xcassets in Resources */,
				BA08C6D02351507A00131252 /* Main.storyboard in Resources */,
			);
			runOnlyForDeploymentPostprocessing = 0;
		};
		BA08C6DC2351508200131252 /* Resources */ = {
			isa = PBXResourcesBuildPhase;
			buildActionMask = 2147483647;
			files = (
			);
			runOnlyForDeploymentPostprocessing = 0;
		};
/* End PBXResourcesBuildPhase section */

/* Begin PBXShellScriptBuildPhase section */
		0DC79A172CFE779B67AB7826 /* [CP] Embed Pods Frameworks */ = {
			isa = PBXShellScriptBuildPhase;
			buildActionMask = 2147483647;
			files = (
			);
			inputFileListPaths = (
				"${PODS_ROOT}/Target Support Files/Pods-DoubanBooks/Pods-DoubanBooks-frameworks-${CONFIGURATION}-input-files.xcfilelist",
			);
			name = "[CP] Embed Pods Frameworks";
			outputFileListPaths = (
				"${PODS_ROOT}/Target Support Files/Pods-DoubanBooks/Pods-DoubanBooks-frameworks-${CONFIGURATION}-output-files.xcfilelist",
			);
			runOnlyForDeploymentPostprocessing = 0;
			shellPath = /bin/sh;
			shellScript = "\"${PODS_ROOT}/Target Support Files/Pods-DoubanBooks/Pods-DoubanBooks-frameworks.sh\"\n";
			showEnvVarsInLog = 0;
		};
		943D3D3B0F192B4B404AA0F5 /* [CP] Check Pods Manifest.lock */ = {
			isa = PBXShellScriptBuildPhase;
			buildActionMask = 2147483647;
			files = (
			);
			inputFileListPaths = (
			);
			inputPaths = (
				"${PODS_PODFILE_DIR_PATH}/Podfile.lock",
				"${PODS_ROOT}/Manifest.lock",
			);
			name = "[CP] Check Pods Manifest.lock";
			outputFileListPaths = (
			);
			outputPaths = (
				"$(DERIVED_FILE_DIR)/Pods-DoubanBooks-checkManifestLockResult.txt",
			);
			runOnlyForDeploymentPostprocessing = 0;
			shellPath = /bin/sh;
			shellScript = "diff \"${PODS_PODFILE_DIR_PATH}/Podfile.lock\" \"${PODS_ROOT}/Manifest.lock\" > /dev/null\nif [ $? != 0 ] ; then\n    # print error to STDERR\n    echo \"error: The sandbox is not in sync with the Podfile.lock. Run 'pod install' or update your CocoaPods installation.\" >&2\n    exit 1\nfi\n# This output is used by Xcode 'outputs' to avoid re-running this script phase.\necho \"SUCCESS\" > \"${SCRIPT_OUTPUT_FILE_0}\"\n";
			showEnvVarsInLog = 0;
		};
		E5E6C46CF813885280666B10 /* [CP] Check Pods Manifest.lock */ = {
			isa = PBXShellScriptBuildPhase;
			buildActionMask = 2147483647;
			files = (
			);
			inputFileListPaths = (
			);
			inputPaths = (
				"${PODS_PODFILE_DIR_PATH}/Podfile.lock",
				"${PODS_ROOT}/Manifest.lock",
			);
			name = "[CP] Check Pods Manifest.lock";
			outputFileListPaths = (
			);
			outputPaths = (
				"$(DERIVED_FILE_DIR)/Pods-DoubanBooksTests-checkManifestLockResult.txt",
			);
			runOnlyForDeploymentPostprocessing = 0;
			shellPath = /bin/sh;
			shellScript = "diff \"${PODS_PODFILE_DIR_PATH}/Podfile.lock\" \"${PODS_ROOT}/Manifest.lock\" > /dev/null\nif [ $? != 0 ] ; then\n    # print error to STDERR\n    echo \"error: The sandbox is not in sync with the Podfile.lock. Run 'pod install' or update your CocoaPods installation.\" >&2\n    exit 1\nfi\n# This output is used by Xcode 'outputs' to avoid re-running this script phase.\necho \"SUCCESS\" > \"${SCRIPT_OUTPUT_FILE_0}\"\n";
			showEnvVarsInLog = 0;
		};
/* End PBXShellScriptBuildPhase section */

/* Begin PBXSourcesBuildPhase section */
		BA08C6C32351507900131252 /* Sources */ = {
			isa = PBXSourcesBuildPhase;
			buildActionMask = 2147483647;
			files = (
				BAEAE3CB2353F54900000A29 /* CategoryFactory.swift in Sources */,
				BA2486E6235D4A7E00DE5A2C /* DateExtensions.swift in Sources */,
				BA22021F23614AEE00AE11E7 /* BookCell.swift in Sources */,
				BAEAE3CD2354042A00000A29 /* BookRepository.swift in Sources */,
				BAEAE3CF23540A7F00000A29 /* BookFactory.swift in Sources */,
				BA08C6D32351507A00131252 /* DoubanBooks.xcdatamodeld in Sources */,
				BACF2B452355CC8A00EDD0D3 /* DataViewModelDelegate.swift in Sources */,
				BA08C705235172FA00131252 /* AlertExtensions.swift in Sources */,
				BA08C6CB2351507900131252 /* AppDelegate.swift in Sources */,
				BA1E24D523629B2C004A36A0 /* FindController.swift in Sources */,
				BA08C70223516B8900131252 /* CategoryRepository.swift in Sources */,
				BA08C6F1235152DF00131252 /* VMBook.swift in Sources */,
				BA8D567C236688AC00112451 /* BooksJson.swift in Sources */,
				BA2119E0236975E300106138 /* BookConverter.swift in Sources */,
				BA20ED4E236A82E5001B0608 /* SearchHeader.swift in Sources */,
				BA2202192361404900AE11E7 /* ScrollViewExtension.swift in Sources */,
				BA08C7092351818300131252 /* DataError.swift in Sources */,
				BA22021D236147DF00AE11E7 /* FuncTools.swift in Sources */,
				BA09C9BE235A8DEB009C0926 /* AddCategoriesController.swift in Sources */,
				BA20ED50236A960E001B0608 /* FindViewCell.swift in Sources */,
				BA297C0A235EF0D00004F418 /* BooksController.swift in Sources */,
				BA2486E4235D49D900DE5A2C /* QrCodeUtils.swift in Sources */,
				BA8AF8FE23683F3B001841FE /* JSONable.swift in Sources */,
				BA8AF900236840BF001841FE /* JSONConverter.swift in Sources */,
				BA22021B236140AA00AE11E7 /* EmptyViewDelegate.swift in Sources */,
				BA08C6EF2351523000131252 /* VMCategory.swift in Sources */,
				BACF2B432355CBBA00EDD0D3 /* Repository.swift in Sources */,
				BA0A0C182359597F003450D4 /* CategoriesViewCell.swift in Sources */,
				BA0A0C162359555B003450D4 /* CategoriesController.swift in Sources */,
			);
			runOnlyForDeploymentPostprocessing = 0;
		};
		BA08C6DA2351508200131252 /* Sources */ = {
			isa = PBXSourcesBuildPhase;
			buildActionMask = 2147483647;
			files = (
				BA08C6E32351508200131252 /* DoubanBooksTests.swift in Sources */,
			);
			runOnlyForDeploymentPostprocessing = 0;
		};
/* End PBXSourcesBuildPhase section */

/* Begin PBXTargetDependency section */
		BA08C6E02351508200131252 /* PBXTargetDependency */ = {
			isa = PBXTargetDependency;
			target = BA08C6C62351507900131252 /* DoubanBooks */;
			targetProxy = BA08C6DF2351508200131252 /* PBXContainerItemProxy */;
		};
/* End PBXTargetDependency section */

/* Begin PBXVariantGroup section */
		BA08C6CE2351507A00131252 /* Main.storyboard */ = {
			isa = PBXVariantGroup;
			children = (
				BA08C6CF2351507A00131252 /* Base */,
			);
			name = Main.storyboard;
			sourceTree = "<group>";
		};
		BA08C6D62351508200131252 /* LaunchScreen.storyboard */ = {
			isa = PBXVariantGroup;
			children = (
				BA08C6D72351508200131252 /* Base */,
			);
			name = LaunchScreen.storyboard;
			sourceTree = "<group>";
		};
/* End PBXVariantGroup section */

/* Begin XCBuildConfiguration section */
		BA08C6E52351508200131252 /* Debug */ = {
			isa = XCBuildConfiguration;
			buildSettings = {
				ALWAYS_SEARCH_USER_PATHS = NO;
				CLANG_ANALYZER_NONNULL = YES;
				CLANG_ANALYZER_NUMBER_OBJECT_CONVERSION = YES_AGGRESSIVE;
				CLANG_CXX_LANGUAGE_STANDARD = "gnu++14";
				CLANG_CXX_LIBRARY = "libc++";
				CLANG_ENABLE_MODULES = YES;
				CLANG_ENABLE_OBJC_ARC = YES;
				CLANG_ENABLE_OBJC_WEAK = YES;
				CLANG_WARN_BLOCK_CAPTURE_AUTORELEASING = YES;
				CLANG_WARN_BOOL_CONVERSION = YES;
				CLANG_WARN_COMMA = YES;
				CLANG_WARN_CONSTANT_CONVERSION = YES;
				CLANG_WARN_DEPRECATED_OBJC_IMPLEMENTATIONS = YES;
				CLANG_WARN_DIRECT_OBJC_ISA_USAGE = YES_ERROR;
				CLANG_WARN_DOCUMENTATION_COMMENTS = YES;
				CLANG_WARN_EMPTY_BODY = YES;
				CLANG_WARN_ENUM_CONVERSION = YES;
				CLANG_WARN_INFINITE_RECURSION = YES;
				CLANG_WARN_INT_CONVERSION = YES;
				CLANG_WARN_NON_LITERAL_NULL_CONVERSION = YES;
				CLANG_WARN_OBJC_IMPLICIT_RETAIN_SELF = YES;
				CLANG_WARN_OBJC_LITERAL_CONVERSION = YES;
				CLANG_WARN_OBJC_ROOT_CLASS = YES_ERROR;
				CLANG_WARN_RANGE_LOOP_ANALYSIS = YES;
				CLANG_WARN_STRICT_PROTOTYPES = YES;
				CLANG_WARN_SUSPICIOUS_MOVE = YES;
				CLANG_WARN_UNGUARDED_AVAILABILITY = YES_AGGRESSIVE;
				CLANG_WARN_UNREACHABLE_CODE = YES;
				CLANG_WARN__DUPLICATE_METHOD_MATCH = YES;
				CODE_SIGN_IDENTITY = "iPhone Developer";
				COPY_PHASE_STRIP = NO;
				DEBUG_INFORMATION_FORMAT = dwarf;
				ENABLE_STRICT_OBJC_MSGSEND = YES;
				ENABLE_TESTABILITY = YES;
				GCC_C_LANGUAGE_STANDARD = gnu11;
				GCC_DYNAMIC_NO_PIC = NO;
				GCC_NO_COMMON_BLOCKS = YES;
				GCC_OPTIMIZATION_LEVEL = 0;
				GCC_PREPROCESSOR_DEFINITIONS = (
					"DEBUG=1",
					"$(inherited)",
				);
				GCC_WARN_64_TO_32_BIT_CONVERSION = YES;
				GCC_WARN_ABOUT_RETURN_TYPE = YES_ERROR;
				GCC_WARN_UNDECLARED_SELECTOR = YES;
				GCC_WARN_UNINITIALIZED_AUTOS = YES_AGGRESSIVE;
				GCC_WARN_UNUSED_FUNCTION = YES;
				GCC_WARN_UNUSED_VARIABLE = YES;
				IPHONEOS_DEPLOYMENT_TARGET = 12.1;
				MTL_ENABLE_DEBUG_INFO = INCLUDE_SOURCE;
				MTL_FAST_MATH = YES;
				ONLY_ACTIVE_ARCH = YES;
				SDKROOT = iphoneos;
				SWIFT_ACTIVE_COMPILATION_CONDITIONS = DEBUG;
				SWIFT_OPTIMIZATION_LEVEL = "-Onone";
			};
			name = Debug;
		};
		BA08C6E62351508200131252 /* Release */ = {
			isa = XCBuildConfiguration;
			buildSettings = {
				ALWAYS_SEARCH_USER_PATHS = NO;
				CLANG_ANALYZER_NONNULL = YES;
				CLANG_ANALYZER_NUMBER_OBJECT_CONVERSION = YES_AGGRESSIVE;
				CLANG_CXX_LANGUAGE_STANDARD = "gnu++14";
				CLANG_CXX_LIBRARY = "libc++";
				CLANG_ENABLE_MODULES = YES;
				CLANG_ENABLE_OBJC_ARC = YES;
				CLANG_ENABLE_OBJC_WEAK = YES;
				CLANG_WARN_BLOCK_CAPTURE_AUTORELEASING = YES;
				CLANG_WARN_BOOL_CONVERSION = YES;
				CLANG_WARN_COMMA = YES;
				CLANG_WARN_CONSTANT_CONVERSION = YES;
				CLANG_WARN_DEPRECATED_OBJC_IMPLEMENTATIONS = YES;
				CLANG_WARN_DIRECT_OBJC_ISA_USAGE = YES_ERROR;
				CLANG_WARN_DOCUMENTATION_COMMENTS = YES;
				CLANG_WARN_EMPTY_BODY = YES;
				CLANG_WARN_ENUM_CONVERSION = YES;
				CLANG_WARN_INFINITE_RECURSION = YES;
				CLANG_WARN_INT_CONVERSION = YES;
				CLANG_WARN_NON_LITERAL_NULL_CONVERSION = YES;
				CLANG_WARN_OBJC_IMPLICIT_RETAIN_SELF = YES;
				CLANG_WARN_OBJC_LITERAL_CONVERSION = YES;
				CLANG_WARN_OBJC_ROOT_CLASS = YES_ERROR;
				CLANG_WARN_RANGE_LOOP_ANALYSIS = YES;
				CLANG_WARN_STRICT_PROTOTYPES = YES;
				CLANG_WARN_SUSPICIOUS_MOVE = YES;
				CLANG_WARN_UNGUARDED_AVAILABILITY = YES_AGGRESSIVE;
				CLANG_WARN_UNREACHABLE_CODE = YES;
				CLANG_WARN__DUPLICATE_METHOD_MATCH = YES;
				CODE_SIGN_IDENTITY = "iPhone Developer";
				COPY_PHASE_STRIP = NO;
				DEBUG_INFORMATION_FORMAT = "dwarf-with-dsym";
				ENABLE_NS_ASSERTIONS = NO;
				ENABLE_STRICT_OBJC_MSGSEND = YES;
				GCC_C_LANGUAGE_STANDARD = gnu11;
				GCC_NO_COMMON_BLOCKS = YES;
				GCC_WARN_64_TO_32_BIT_CONVERSION = YES;
				GCC_WARN_ABOUT_RETURN_TYPE = YES_ERROR;
				GCC_WARN_UNDECLARED_SELECTOR = YES;
				GCC_WARN_UNINITIALIZED_AUTOS = YES_AGGRESSIVE;
				GCC_WARN_UNUSED_FUNCTION = YES;
				GCC_WARN_UNUSED_VARIABLE = YES;
				IPHONEOS_DEPLOYMENT_TARGET = 12.1;
				MTL_ENABLE_DEBUG_INFO = NO;
				MTL_FAST_MATH = YES;
				SDKROOT = iphoneos;
				SWIFT_COMPILATION_MODE = wholemodule;
				SWIFT_OPTIMIZATION_LEVEL = "-O";
				VALIDATE_PRODUCT = YES;
			};
			name = Release;
		};
		BA08C6E82351508200131252 /* Debug */ = {
			isa = XCBuildConfiguration;
			baseConfigurationReference = 48549E0CB8341204DCA00615 /* Pods-DoubanBooks.debug.xcconfig */;
			buildSettings = {
				ASSETCATALOG_COMPILER_APPICON_NAME = AppIcon;
				CODE_SIGN_STYLE = Automatic;
				INFOPLIST_FILE = DoubanBooks/Info.plist;
				LD_RUNPATH_SEARCH_PATHS = (
					"$(inherited)",
					"@executable_path/Frameworks",
				);
				PRODUCT_BUNDLE_IDENTIFIER = "Users-2017yd-2017yd.DoubanBooks";
				PRODUCT_NAME = "$(TARGET_NAME)";
				SWIFT_VERSION = 4.2;
				TARGETED_DEVICE_FAMILY = "1,2";
			};
			name = Debug;
		};
		BA08C6E92351508200131252 /* Release */ = {
			isa = XCBuildConfiguration;
			baseConfigurationReference = A39D3C7CA6826D054F59636E /* Pods-DoubanBooks.release.xcconfig */;
			buildSettings = {
				ASSETCATALOG_COMPILER_APPICON_NAME = AppIcon;
				CODE_SIGN_STYLE = Automatic;
				INFOPLIST_FILE = DoubanBooks/Info.plist;
				LD_RUNPATH_SEARCH_PATHS = (
					"$(inherited)",
					"@executable_path/Frameworks",
				);
				PRODUCT_BUNDLE_IDENTIFIER = "Users-2017yd-2017yd.DoubanBooks";
				PRODUCT_NAME = "$(TARGET_NAME)";
				SWIFT_VERSION = 4.2;
				TARGETED_DEVICE_FAMILY = "1,2";
			};
			name = Release;
		};
		BA08C6EB2351508200131252 /* Debug */ = {
			isa = XCBuildConfiguration;
			baseConfigurationReference = E58B81BC8E9CC9F4A3C20A2F /* Pods-DoubanBooksTests.debug.xcconfig */;
			buildSettings = {
				ALWAYS_EMBED_SWIFT_STANDARD_LIBRARIES = YES;
				BUNDLE_LOADER = "$(TEST_HOST)";
				CODE_SIGN_STYLE = Automatic;
				INFOPLIST_FILE = DoubanBooksTests/Info.plist;
				LD_RUNPATH_SEARCH_PATHS = (
					"$(inherited)",
					"@executable_path/Frameworks",
					"@loader_path/Frameworks",
				);
				PRODUCT_BUNDLE_IDENTIFIER = "Users-2017yd-2017yd.DoubanBooksTests";
				PRODUCT_NAME = "$(TARGET_NAME)";
				SWIFT_VERSION = 4.2;
				TARGETED_DEVICE_FAMILY = "1,2";
				TEST_HOST = "$(BUILT_PRODUCTS_DIR)/DoubanBooks.app/DoubanBooks";
			};
			name = Debug;
		};
		BA08C6EC2351508200131252 /* Release */ = {
			isa = XCBuildConfiguration;
			baseConfigurationReference = 7EED76F8F69B2FDC6348403C /* Pods-DoubanBooksTests.release.xcconfig */;
			buildSettings = {
				ALWAYS_EMBED_SWIFT_STANDARD_LIBRARIES = YES;
				BUNDLE_LOADER = "$(TEST_HOST)";
				CODE_SIGN_STYLE = Automatic;
				INFOPLIST_FILE = DoubanBooksTests/Info.plist;
				LD_RUNPATH_SEARCH_PATHS = (
					"$(inherited)",
					"@executable_path/Frameworks",
					"@loader_path/Frameworks",
				);
				PRODUCT_BUNDLE_IDENTIFIER = "Users-2017yd-2017yd.DoubanBooksTests";
				PRODUCT_NAME = "$(TARGET_NAME)";
				SWIFT_VERSION = 4.2;
				TARGETED_DEVICE_FAMILY = "1,2";
				TEST_HOST = "$(BUILT_PRODUCTS_DIR)/DoubanBooks.app/DoubanBooks";
			};
			name = Release;
		};
/* End XCBuildConfiguration section */

/* Begin XCConfigurationList section */
		BA08C6C22351507900131252 /* Build configuration list for PBXProject "DoubanBooks" */ = {
			isa = XCConfigurationList;
			buildConfigurations = (
				BA08C6E52351508200131252 /* Debug */,
				BA08C6E62351508200131252 /* Release */,
			);
			defaultConfigurationIsVisible = 0;
			defaultConfigurationName = Release;
		};
		BA08C6E72351508200131252 /* Build configuration list for PBXNativeTarget "DoubanBooks" */ = {
			isa = XCConfigurationList;
			buildConfigurations = (
				BA08C6E82351508200131252 /* Debug */,
				BA08C6E92351508200131252 /* Release */,
			);
			defaultConfigurationIsVisible = 0;
			defaultConfigurationName = Release;
		};
		BA08C6EA2351508200131252 /* Build configuration list for PBXNativeTarget "DoubanBooksTests" */ = {
			isa = XCConfigurationList;
			buildConfigurations = (
				BA08C6EB2351508200131252 /* Debug */,
				BA08C6EC2351508200131252 /* Release */,
			);
			defaultConfigurationIsVisible = 0;
			defaultConfigurationName = Release;
		};
/* End XCConfigurationList section */

/* Begin XCVersionGroup section */
		BA08C6D12351507A00131252 /* DoubanBooks.xcdatamodeld */ = {
			isa = XCVersionGroup;
			children = (
				BA08C6FA23515DD300131252 /* DoubanBooks 2.xcdatamodel */,
				BA08C6D22351507A00131252 /* DoubanBooks.xcdatamodel */,
			);
			currentVersion = BA08C6FA23515DD300131252 /* DoubanBooks 2.xcdatamodel */;
			path = DoubanBooks.xcdatamodeld;
			sourceTree = "<group>";
			versionGroupType = wrapper.xcdatamodel;
		};
/* End XCVersionGroup section */
	};
	rootObject = BA08C6BF2351507900131252 /* Project object */;
}
